
Microsoft Visual Studio Solution File, Format Version 12.00
# Visual Studio Version 16
VisualStudioVersion = 16.0.30517.126
MinimumVisualStudioVersion = 10.0.40219.1
Project("{FAE04EC0-301F-11D3-BF4B-00C04F79EFBC}") = "testtut", "testtut.csproj", "{0F6C0B78-23AB-492C-90D9-BA26F41307DF}"
EndProject
Global
	GlobalSection(SolutionConfigurationPlatforms) = preSolution
		Debug|Any CPU = Debug|Any CPU
		Release|Any CPU = Release|Any CPU
	EndGlobalSection
	GlobalSection(ProjectConfigurationPlatforms) = postSolution
		{0F6C0B78-23AB-492C-90D9-BA26F41307DF}.Debug|Any CPU.ActiveCfg = Debug|Any CPU
		{0F6C0B78-23AB-492C-90D9-BA26F41307DF}.Debug|Any CPU.Build.0 = Debug|Any CPU
		{0F6C0B78-23AB-492C-90D9-BA26F41307DF}.Release|Any CPU.ActiveCfg = Release|Any CPU
		{0F6C0B78-23AB-492C-90D9-BA26F41307DF}.Release|Any CPU.Build.0 = Release|Any CPU
	EndGlobalSection
	GlobalSection(SolutionProperties) = preSolution
		HideSolutionNode = FALSE
	EndGlobalSection
	GlobalSection(ExtensibilityGlobals) = postSolution
		SolutionGuid = {E9D0C5D8-CB5F-4488-ADAE-71A3854222CD}
	EndGlobalSection
EndGlobal
